{
  "name": "tailormaid.github.io",
  "version": "1.0.0",
  "lockfileVersion": 1,
  "requires": true,
  "dependencies": {
    "bulma": {
      "version": "0.7.1",
      "resolved": "https://registry.npmjs.org/bulma/-/bulma-0.7.1.tgz",
      "integrity": "sha512-wRSO2LXB+qI9Pyz2id+uZr4quz5aftSN7Ay1ysr1+krzVp3utD+Ci4CeKuZdrYGc800t65b7heXBL6qw2Wo/lQ=="
    },
    "font-awesome5": {
      "version": "1.0.5",
      "resolved": "https://registry.npmjs.org/font-awesome5/-/font-awesome5-1.0.5.tgz",
      "integrity": "sha512-wvsUQxU0U5YguItKBxPaZ7eK/I+x/gkTp45xKTpCBFtJtr8z/hUSgm+HtbkOFugVddE0x0UxKAHqOyUMv4yH7A=="
    }
  }
}
